
Microsoft Visual Studio Solution File, Format Version 12.00
# Visual Studio Version 17
VisualStudioVersion = 17.0.31903.59
MinimumVisualStudioVersion = 10.0.40219.1
Project("{2150E333-8FDC-42A3-9474-1A3956D46DE8}") = "src", "src", "{0703C68E-05E3-4E7D-BDB1-41383668FC41}"
EndProject
Project("{FAE04EC0-301F-11D3-BF4B-00C04F79EFBC}") = "Squirrel.Core", "src\Squirrel.Core\Squirrel.Core.csproj", "{EBE1B162-647F-40C9-8BD4-49B5C8C9A3BD}"
EndProject
Project("{FAE04EC0-301F-11D3-BF4B-00C04F79EFBC}") = "Squirrel.App", "src\Squirrel.App\Squirrel.App.csproj", "{E1D44C48-8478-4E15-A991-6A59AF0BA473}"
EndProject
Global
	GlobalSection(SolutionConfigurationPlatforms) = preSolution
		Debug|Any CPU = Debug|Any CPU
		Release|Any CPU = Release|Any CPU
	EndGlobalSection
	GlobalSection(SolutionProperties) = preSolution
		HideSolutionNode = FALSE
	EndGlobalSection
	GlobalSection(ProjectConfigurationPlatforms) = postSolution
		{EBE1B162-647F-40C9-8BD4-49B5C8C9A3BD}.Debug|Any CPU.ActiveCfg = Debug|Any CPU
		{EBE1B162-647F-40C9-8BD4-49B5C8C9A3BD}.Debug|Any CPU.Build.0 = Debug|Any CPU
		{EBE1B162-647F-40C9-8BD4-49B5C8C9A3BD}.Release|Any CPU.ActiveCfg = Release|Any CPU
		{EBE1B162-647F-40C9-8BD4-49B5C8C9A3BD}.Release|Any CPU.Build.0 = Release|Any CPU
		{E1D44C48-8478-4E15-A991-6A59AF0BA473}.Debug|Any CPU.ActiveCfg = Debug|Any CPU
		{E1D44C48-8478-4E15-A991-6A59AF0BA473}.Debug|Any CPU.Build.0 = Debug|Any CPU
		{E1D44C48-8478-4E15-A991-6A59AF0BA473}.Release|Any CPU.ActiveCfg = Release|Any CPU
		{E1D44C48-8478-4E15-A991-6A59AF0BA473}.Release|Any CPU.Build.0 = Release|Any CPU
	EndGlobalSection
	GlobalSection(NestedProjects) = preSolution
		{EBE1B162-647F-40C9-8BD4-49B5C8C9A3BD} = {0703C68E-05E3-4E7D-BDB1-41383668FC41}
		{E1D44C48-8478-4E15-A991-6A59AF0BA473} = {0703C68E-05E3-4E7D-BDB1-41383668FC41}
	EndGlobalSection
EndGlobal
